
Microsoft Visual Studio Solution File, Format Version 12.00
# Visual Studio Version 17
VisualStudioVersion = 17.2.32516.85
MinimumVisualStudioVersion = 10.0.40219.1
Project("{00D1A9C2-B5F0-4AF3-8072-F6C62B433612}") = "MockDB", "MockDB\MockDB.sqlproj", "{C2E675B5-D8C2-4F3E-BCA4-5A42939CF1EC}"
EndProject
Project("{9A19103F-16F7-4668-BE54-9A1E7A4F7556}") = "DataAccess", "DataAccess\DataAccess.csproj", "{D52FA401-0244-43E6-9400-4AE52E2A22F6}"
EndProject
Project("{9A19103F-16F7-4668-BE54-9A1E7A4F7556}") = "MockAPIs", "MockAPIs\MockAPIs.csproj", "{700696E7-ADC3-4D4B-B1EC-2901434C6392}"
	ProjectSection(ProjectDependencies) = postProject
		{C2E675B5-D8C2-4F3E-BCA4-5A42939CF1EC} = {C2E675B5-D8C2-4F3E-BCA4-5A42939CF1EC}
	EndProjectSection
EndProject
Global
	GlobalSection(SolutionConfigurationPlatforms) = preSolution
		Debug|Any CPU = Debug|Any CPU
		Release|Any CPU = Release|Any CPU
	EndGlobalSection
	GlobalSection(ProjectConfigurationPlatforms) = postSolution
		{C2E675B5-D8C2-4F3E-BCA4-5A42939CF1EC}.Debug|Any CPU.ActiveCfg = Debug|Any CPU
		{C2E675B5-D8C2-4F3E-BCA4-5A42939CF1EC}.Debug|Any CPU.Build.0 = Debug|Any CPU
		{C2E675B5-D8C2-4F3E-BCA4-5A42939CF1EC}.Debug|Any CPU.Deploy.0 = Debug|Any CPU
		{C2E675B5-D8C2-4F3E-BCA4-5A42939CF1EC}.Release|Any CPU.ActiveCfg = Release|Any CPU
		{C2E675B5-D8C2-4F3E-BCA4-5A42939CF1EC}.Release|Any CPU.Build.0 = Release|Any CPU
		{C2E675B5-D8C2-4F3E-BCA4-5A42939CF1EC}.Release|Any CPU.Deploy.0 = Release|Any CPU
		{D52FA401-0244-43E6-9400-4AE52E2A22F6}.Debug|Any CPU.ActiveCfg = Debug|Any CPU
		{D52FA401-0244-43E6-9400-4AE52E2A22F6}.Debug|Any CPU.Build.0 = Debug|Any CPU
		{D52FA401-0244-43E6-9400-4AE52E2A22F6}.Release|Any CPU.ActiveCfg = Release|Any CPU
		{D52FA401-0244-43E6-9400-4AE52E2A22F6}.Release|Any CPU.Build.0 = Release|Any CPU
		{700696E7-ADC3-4D4B-B1EC-2901434C6392}.Debug|Any CPU.ActiveCfg = Debug|Any CPU
		{700696E7-ADC3-4D4B-B1EC-2901434C6392}.Debug|Any CPU.Build.0 = Debug|Any CPU
		{700696E7-ADC3-4D4B-B1EC-2901434C6392}.Release|Any CPU.ActiveCfg = Release|Any CPU
		{700696E7-ADC3-4D4B-B1EC-2901434C6392}.Release|Any CPU.Build.0 = Release|Any CPU
	EndGlobalSection
	GlobalSection(SolutionProperties) = preSolution
		HideSolutionNode = FALSE
	EndGlobalSection
	GlobalSection(ExtensibilityGlobals) = postSolution
		SolutionGuid = {97339F43-5B90-4444-8F0F-7805A39610EB}
	EndGlobalSection
EndGlobal
